
Microsoft Visual Studio Solution File, Format Version 12.00
# Visual Studio Version 17
VisualStudioVersion = 17.9.34728.123
MinimumVisualStudioVersion = 10.0.40219.1
Project("{FAE04EC0-301F-11D3-BF4B-00C04F79EFBC}") = "Kurs C sharp", "Kurs C sharp\Kurs C sharp.csproj", "{2ED70008-6756-441C-A8B2-9CE83B1E709B}"
EndProject
Global
	GlobalSection(SolutionConfigurationPlatforms) = preSolution
		Debug|Any CPU = Debug|Any CPU
		Release|Any CPU = Release|Any CPU
	EndGlobalSection
	GlobalSection(ProjectConfigurationPlatforms) = postSolution
		{2ED70008-6756-441C-A8B2-9CE83B1E709B}.Debug|Any CPU.ActiveCfg = Debug|Any CPU
		{2ED70008-6756-441C-A8B2-9CE83B1E709B}.Debug|Any CPU.Build.0 = Debug|Any CPU
		{2ED70008-6756-441C-A8B2-9CE83B1E709B}.Release|Any CPU.ActiveCfg = Release|Any CPU
		{2ED70008-6756-441C-A8B2-9CE83B1E709B}.Release|Any CPU.Build.0 = Release|Any CPU
	EndGlobalSection
	GlobalSection(SolutionProperties) = preSolution
		HideSolutionNode = FALSE
	EndGlobalSection
	GlobalSection(ExtensibilityGlobals) = postSolution
		SolutionGuid = {E435A58A-024D-4E81-8A67-BC26BB96CF84}
	EndGlobalSection
EndGlobal
